Microsoft Visual Studio Solution File, Format Version 12.00
# Visual Studio Version 17
VisualStudioVersion = 17.5.2.0
MinimumVisualStudioVersion = 10.0.40219.1
Project("{FAE04EC0-301F-11D3-BF4B-00C04F79EFBC}") = "DAM.Subprocessos.Alex", "DAM.Subprocessos.Alex\DAM.Subprocessos.Alex.csproj", "{8BCD8004-A177-4AA2-8701-4D4D0D99D4F4}"
EndProject
Global
	GlobalSection(SolutionConfigurationPlatforms) = preSolution
		Debug|Any CPU = Debug|Any CPU
		Release|Any CPU = Release|Any CPU
	EndGlobalSection
	GlobalSection(ProjectConfigurationPlatforms) = postSolution
		{8BCD8004-A177-4AA2-8701-4D4D0D99D4F4}.Debug|Any CPU.ActiveCfg = Debug|Any CPU
		{8BCD8004-A177-4AA2-8701-4D4D0D99D4F4}.Debug|Any CPU.Build.0 = Debug|Any CPU
		{8BCD8004-A177-4AA2-8701-4D4D0D99D4F4}.Release|Any CPU.ActiveCfg = Release|Any CPU
		{8BCD8004-A177-4AA2-8701-4D4D0D99D4F4}.Release|Any CPU.Build.0 = Release|Any CPU
	EndGlobalSection
	GlobalSection(SolutionProperties) = preSolution
		HideSolutionNode = FALSE
	EndGlobalSection
	GlobalSection(ExtensibilityGlobals) = postSolution
		SolutionGuid = {24CEFF51-B97A-412A-976C-B10438316B79}
	EndGlobalSection
EndGlobal
