Microsoft Visual Studio Solution File, Format Version 12.00
# Visual Studio Version 17
VisualStudioVersion = 17.5.2.0
MinimumVisualStudioVersion = 10.0.40219.1
Project("{FAE04EC0-301F-11D3-BF4B-00C04F79EFBC}") = "TasquesParaleles", "TasquesParaleles.csproj", "{F82E1BE0-3247-E5D2-BA1A-CCF37EB085FB}"
EndProject
Global
	GlobalSection(SolutionConfigurationPlatforms) = preSolution
		Debug|Any CPU = Debug|Any CPU
		Release|Any CPU = Release|Any CPU
	EndGlobalSection
	GlobalSection(ProjectConfigurationPlatforms) = postSolution
		{F82E1BE0-3247-E5D2-BA1A-CCF37EB085FB}.Debug|Any CPU.ActiveCfg = Debug|Any CPU
		{F82E1BE0-3247-E5D2-BA1A-CCF37EB085FB}.Debug|Any CPU.Build.0 = Debug|Any CPU
		{F82E1BE0-3247-E5D2-BA1A-CCF37EB085FB}.Release|Any CPU.ActiveCfg = Release|Any CPU
		{F82E1BE0-3247-E5D2-BA1A-CCF37EB085FB}.Release|Any CPU.Build.0 = Release|Any CPU
	EndGlobalSection
	GlobalSection(SolutionProperties) = preSolution
		HideSolutionNode = FALSE
	EndGlobalSection
	GlobalSection(ExtensibilityGlobals) = postSolution
		SolutionGuid = {1FBFBF7D-3AA9-45E4-88A7-8D4D66F56451}
	EndGlobalSection
EndGlobal
