
Microsoft Visual Studio Solution File, Format Version 12.00
# Visual Studio Version 17
VisualStudioVersion = 17.0.31903.59
MinimumVisualStudioVersion = 10.0.40219.1
Project("{FAE04EC0-301F-11D3-BF4B-00C04F79EFBC}") = "GestioVisites.Domain", "GestioVisites.Domain\GestioVisites.Domain.csproj", "{71D01184-8B01-408A-A90D-EF00703E7B8D}"
EndProject
Project("{FAE04EC0-301F-11D3-BF4B-00C04F79EFBC}") = "GestioVisites.Application", "GestioVisites.Application\GestioVisites.Application.csproj", "{0AFAD521-BC19-43BB-9795-3C71C4BC7F62}"
EndProject
Project("{FAE04EC0-301F-11D3-BF4B-00C04F79EFBC}") = "GestioVisites.Infrastructure", "GestioVisites.Infrastructure\GestioVisites.Infrastructure.csproj", "{56B59C11-A280-4A1B-A8C0-6B43724454FA}"
EndProject
Project("{FAE04EC0-301F-11D3-BF4B-00C04F79EFBC}") = "GestioVisites.Presentation", "GestioVisites.Presentation\GestioVisites.Presentation.csproj", "{CCD91C2B-AF45-4CCD-BDBC-C2C73DC9535D}"
EndProject
Global
	GlobalSection(SolutionConfigurationPlatforms) = preSolution
		Debug|Any CPU = Debug|Any CPU
		Debug|x64 = Debug|x64
		Debug|x86 = Debug|x86
		Release|Any CPU = Release|Any CPU
		Release|x64 = Release|x64
		Release|x86 = Release|x86
	EndGlobalSection
	GlobalSection(ProjectConfigurationPlatforms) = postSolution
		{71D01184-8B01-408A-A90D-EF00703E7B8D}.Debug|Any CPU.ActiveCfg = Debug|Any CPU
		{71D01184-8B01-408A-A90D-EF00703E7B8D}.Debug|Any CPU.Build.0 = Debug|Any CPU
		{71D01184-8B01-408A-A90D-EF00703E7B8D}.Debug|x64.ActiveCfg = Debug|Any CPU
		{71D01184-8B01-408A-A90D-EF00703E7B8D}.Debug|x64.Build.0 = Debug|Any CPU
		{71D01184-8B01-408A-A90D-EF00703E7B8D}.Debug|x86.ActiveCfg = Debug|Any CPU
		{71D01184-8B01-408A-A90D-EF00703E7B8D}.Debug|x86.Build.0 = Debug|Any CPU
		{71D01184-8B01-408A-A90D-EF00703E7B8D}.Release|Any CPU.ActiveCfg = Release|Any CPU
		{71D01184-8B01-408A-A90D-EF00703E7B8D}.Release|Any CPU.Build.0 = Release|Any CPU
		{71D01184-8B01-408A-A90D-EF00703E7B8D}.Release|x64.ActiveCfg = Release|Any CPU
		{71D01184-8B01-408A-A90D-EF00703E7B8D}.Release|x64.Build.0 = Release|Any CPU
		{71D01184-8B01-408A-A90D-EF00703E7B8D}.Release|x86.ActiveCfg = Release|Any CPU
		{71D01184-8B01-408A-A90D-EF00703E7B8D}.Release|x86.Build.0 = Release|Any CPU
		{0AFAD521-BC19-43BB-9795-3C71C4BC7F62}.Debug|Any CPU.ActiveCfg = Debug|Any CPU
		{0AFAD521-BC19-43BB-9795-3C71C4BC7F62}.Debug|Any CPU.Build.0 = Debug|Any CPU
		{0AFAD521-BC19-43BB-9795-3C71C4BC7F62}.Debug|x64.ActiveCfg = Debug|Any CPU
		{0AFAD521-BC19-43BB-9795-3C71C4BC7F62}.Debug|x64.Build.0 = Debug|Any CPU
		{0AFAD521-BC19-43BB-9795-3C71C4BC7F62}.Debug|x86.ActiveCfg = Debug|Any CPU
		{0AFAD521-BC19-43BB-9795-3C71C4BC7F62}.Debug|x86.Build.0 = Debug|Any CPU
		{0AFAD521-BC19-43BB-9795-3C71C4BC7F62}.Release|Any CPU.ActiveCfg = Release|Any CPU
		{0AFAD521-BC19-43BB-9795-3C71C4BC7F62}.Release|Any CPU.Build.0 = Release|Any CPU
		{0AFAD521-BC19-43BB-9795-3C71C4BC7F62}.Release|x64.ActiveCfg = Release|Any CPU
		{0AFAD521-BC19-43BB-9795-3C71C4BC7F62}.Release|x64.Build.0 = Release|Any CPU
		{0AFAD521-BC19-43BB-9795-3C71C4BC7F62}.Release|x86.ActiveCfg = Release|Any CPU
		{0AFAD521-BC19-43BB-9795-3C71C4BC7F62}.Release|x86.Build.0 = Release|Any CPU
		{56B59C11-A280-4A1B-A8C0-6B43724454FA}.Debug|Any CPU.ActiveCfg = Debug|Any CPU
		{56B59C11-A280-4A1B-A8C0-6B43724454FA}.Debug|Any CPU.Build.0 = Debug|Any CPU
		{56B59C11-A280-4A1B-A8C0-6B43724454FA}.Debug|x64.ActiveCfg = Debug|Any CPU
		{56B59C11-A280-4A1B-A8C0-6B43724454FA}.Debug|x64.Build.0 = Debug|Any CPU
		{56B59C11-A280-4A1B-A8C0-6B43724454FA}.Debug|x86.ActiveCfg = Debug|Any CPU
		{56B59C11-A280-4A1B-A8C0-6B43724454FA}.Debug|x86.Build.0 = Debug|Any CPU
		{56B59C11-A280-4A1B-A8C0-6B43724454FA}.Release|Any CPU.ActiveCfg = Release|Any CPU
		{56B59C11-A280-4A1B-A8C0-6B43724454FA}.Release|Any CPU.Build.0 = Release|Any CPU
		{56B59C11-A280-4A1B-A8C0-6B43724454FA}.Release|x64.ActiveCfg = Release|Any CPU
		{56B59C11-A280-4A1B-A8C0-6B43724454FA}.Release|x64.Build.0 = Release|Any CPU
		{56B59C11-A280-4A1B-A8C0-6B43724454FA}.Release|x86.ActiveCfg = Release|Any CPU
		{56B59C11-A280-4A1B-A8C0-6B43724454FA}.Release|x86.Build.0 = Release|Any CPU
		{CCD91C2B-AF45-4CCD-BDBC-C2C73DC9535D}.Debug|Any CPU.ActiveCfg = Debug|Any CPU
		{CCD91C2B-AF45-4CCD-BDBC-C2C73DC9535D}.Debug|Any CPU.Build.0 = Debug|Any CPU
		{CCD91C2B-AF45-4CCD-BDBC-C2C73DC9535D}.Debug|x64.ActiveCfg = Debug|Any CPU
		{CCD91C2B-AF45-4CCD-BDBC-C2C73DC9535D}.Debug|x64.Build.0 = Debug|Any CPU
		{CCD91C2B-AF45-4CCD-BDBC-C2C73DC9535D}.Debug|x86.ActiveCfg = Debug|Any CPU
		{CCD91C2B-AF45-4CCD-BDBC-C2C73DC9535D}.Debug|x86.Build.0 = Debug|Any CPU
		{CCD91C2B-AF45-4CCD-BDBC-C2C73DC9535D}.Release|Any CPU.ActiveCfg = Release|Any CPU
		{CCD91C2B-AF45-4CCD-BDBC-C2C73DC9535D}.Release|Any CPU.Build.0 = Release|Any CPU
		{CCD91C2B-AF45-4CCD-BDBC-C2C73DC9535D}.Release|x64.ActiveCfg = Release|Any CPU
		{CCD91C2B-AF45-4CCD-BDBC-C2C73DC9535D}.Release|x64.Build.0 = Release|Any CPU
		{CCD91C2B-AF45-4CCD-BDBC-C2C73DC9535D}.Release|x86.ActiveCfg = Release|Any CPU
		{CCD91C2B-AF45-4CCD-BDBC-C2C73DC9535D}.Release|x86.Build.0 = Release|Any CPU
	EndGlobalSection
	GlobalSection(SolutionProperties) = preSolution
		HideSolutionNode = FALSE
	EndGlobalSection
EndGlobal
